// !$*UTF8*$!
{
	archiveVersion = 1;
	classes = {
	};
	objectVersion = 46;
	objects = {

/* Begin PBXBuildFile section */
		2CA9299A1E579AC000587691 /* ProfileViewController.swift in Sources */ = {isa = PBXBuildFile; fileRef = 2CA929991E579AC000587691 /* ProfileViewController.swift */; };
		2CA9299E1E57A14500587691 /* profile.png in Resources */ = {isa = PBXBuildFile; fileRef = 2CA9299D1E57A14500587691 /* profile.png */; };
		2CCDD0DE1E4E4A6200460C2E /* User.swift in Sources */ = {isa = PBXBuildFile; fileRef = 2CCDD0DD1E4E4A6200460C2E /* User.swift */; };
		832DA1431E726EF200220A47 /* Order.swift in Sources */ = {isa = PBXBuildFile; fileRef = 832DA1421E726EF200220A47 /* Order.swift */; };
		833BB1691E84C107002DC4BF /* AboutRestaurantViewController.swift in Sources */ = {isa = PBXBuildFile; fileRef = 833BB1681E84C107002DC4BF /* AboutRestaurantViewController.swift */; };
		8352A6C81E67DCA400E2BE13 /* ServerCommunicator.swift in Sources */ = {isa = PBXBuildFile; fileRef = 8352A6C71E67DCA400E2BE13 /* ServerCommunicator.swift */; };
		8352A6CB1E6B5CD900E2BE13 /* Menu.swift in Sources */ = {isa = PBXBuildFile; fileRef = 8352A6CA1E6B5CD900E2BE13 /* Menu.swift */; };
		8352A6CE1E6B609D00E2BE13 /* MenuCategory.swift in Sources */ = {isa = PBXBuildFile; fileRef = 8352A6CD1E6B609D00E2BE13 /* MenuCategory.swift */; };
		838944B71E82394E0033F8DE /* RestaurantViewController.swift in Sources */ = {isa = PBXBuildFile; fileRef = 838944B61E82394E0033F8DE /* RestaurantViewController.swift */; };
		838AEB101E74CC7C00D54A4E /* CategoriesCollectionViewController.swift in Sources */ = {isa = PBXBuildFile; fileRef = 838AEB0F1E74CC7C00D54A4E /* CategoriesCollectionViewController.swift */; };
		838AEB121E74D21500D54A4E /* CategoryCollectionViewCell.swift in Sources */ = {isa = PBXBuildFile; fileRef = 838AEB111E74D21500D54A4E /* CategoryCollectionViewCell.swift */; };
		83B2D03A1E61551800266A4B /* MenuItemsCollectionViewController.swift in Sources */ = {isa = PBXBuildFile; fileRef = 83B2D0391E61551800266A4B /* MenuItemsCollectionViewController.swift */; };
		83B2D03C1E6155C600266A4B /* MenuItemCollectionViewCell.swift in Sources */ = {isa = PBXBuildFile; fileRef = 83B2D03B1E6155C600266A4B /* MenuItemCollectionViewCell.swift */; };
		83B2D0401E61575B00266A4B /* MenuItem.swift in Sources */ = {isa = PBXBuildFile; fileRef = 83B2D03F1E61575B00266A4B /* MenuItem.swift */; };
		83B2D0421E6157AF00266A4B /* MenuItemViewController.swift in Sources */ = {isa = PBXBuildFile; fileRef = 83B2D0411E6157AF00266A4B /* MenuItemViewController.swift */; };
		83B3A7C81E37A22000BFDFC6 /* AppDelegate.swift in Sources */ = {isa = PBXBuildFile; fileRef = 83B3A7C71E37A22000BFDFC6 /* AppDelegate.swift */; };
		83B3A7CD1E37A22000BFDFC6 /* Main.storyboard in Resources */ = {isa = PBXBuildFile; fileRef = 83B3A7CB1E37A22000BFDFC6 /* Main.storyboard */; };
		83B3A7CF1E37A22000BFDFC6 /* Assets.xcassets in Resources */ = {isa = PBXBuildFile; fileRef = 83B3A7CE1E37A22000BFDFC6 /* Assets.xcassets */; };
		83B3A7D21E37A22000BFDFC6 /* LaunchScreen.storyboard in Resources */ = {isa = PBXBuildFile; fileRef = 83B3A7D01E37A22000BFDFC6 /* LaunchScreen.storyboard */; };
		83B3A7DD1E37A22000BFDFC6 /* Restaurant_SolutionTests.swift in Sources */ = {isa = PBXBuildFile; fileRef = 83B3A7DC1E37A22000BFDFC6 /* Restaurant_SolutionTests.swift */; };
		83B3A7E81E37A22000BFDFC6 /* Restaurant_SolutionUITests.swift in Sources */ = {isa = PBXBuildFile; fileRef = 83B3A7E71E37A22000BFDFC6 /* Restaurant_SolutionUITests.swift */; };
		83D945151E3DC504007E81E9 /* RestaurantTableViewController.swift in Sources */ = {isa = PBXBuildFile; fileRef = 83D945141E3DC504007E81E9 /* RestaurantTableViewController.swift */; };
		83D945181E3DCAE0007E81E9 /* Restaurant.swift in Sources */ = {isa = PBXBuildFile; fileRef = 83D945171E3DCAE0007E81E9 /* Restaurant.swift */; };
/* End PBXBuildFile section */

/* Begin PBXContainerItemProxy section */
		83B3A7D91E37A22000BFDFC6 /* PBXContainerItemProxy */ = {
			isa = PBXContainerItemProxy;
			containerPortal = 83B3A7BC1E37A21F00BFDFC6 /* Project object */;
			proxyType = 1;
			remoteGlobalIDString = 83B3A7C31E37A21F00BFDFC6;
			remoteInfo = "Restaurant Solution";
		};
		83B3A7E41E37A22000BFDFC6 /* PBXContainerItemProxy */ = {
			isa = PBXContainerItemProxy;
			containerPortal = 83B3A7BC1E37A21F00BFDFC6 /* Project object */;
			proxyType = 1;
			remoteGlobalIDString = 83B3A7C31E37A21F00BFDFC6;
			remoteInfo = "Restaurant Solution";
		};
/* End PBXContainerItemProxy section */

/* Begin PBXFileReference section */
		28447633B2952CE70B6A1AB6 /* Pods-Restaurant Solution.debug.xcconfig */ = {isa = PBXFileReference; includeInIndex = 1; lastKnownFileType = text.xcconfig; name = "Pods-Restaurant Solution.debug.xcconfig"; path = "Pods/Target Support Files/Pods-Restaurant Solution/Pods-Restaurant Solution.debug.xcconfig"; sourceTree = "<group>"; };
		2C6533DB1E57D03D0081D620 /* Restaurant Solution-Bridging-Header.h */ = {isa = PBXFileReference; lastKnownFileType = sourcecode.c.h; path = "Restaurant Solution-Bridging-Header.h"; sourceTree = "<group>"; };
		2CA929991E579AC000587691 /* ProfileViewController.swift */ = {isa = PBXFileReference; fileEncoding = 4; lastKnownFileType = sourcecode.swift; name = ProfileViewController.swift; path = Controllers/ProfileViewController.swift; sourceTree = "<group>"; };
		2CA9299D1E57A14500587691 /* profile.png */ = {isa = PBXFileReference; lastKnownFileType = image.png; path = profile.png; sourceTree = "<group>"; };
		2CCDD0DD1E4E4A6200460C2E /* User.swift */ = {isa = PBXFileReference; fileEncoding = 4; lastKnownFileType = sourcecode.swift; name = User.swift; path = Model/User.swift; sourceTree = "<group>"; };
		6AF914556DBEC83A7FD514BF /* Pods-Restaurant Solution.release.xcconfig */ = {isa = PBXFileReference; includeInIndex = 1; lastKnownFileType = text.xcconfig; name = "Pods-Restaurant Solution.release.xcconfig"; path = "Pods/Target Support Files/Pods-Restaurant Solution/Pods-Restaurant Solution.release.xcconfig"; sourceTree = "<group>"; };
		832DA1421E726EF200220A47 /* Order.swift */ = {isa = PBXFileReference; fileEncoding = 4; lastKnownFileType = sourcecode.swift; path = Order.swift; sourceTree = "<group>"; };
		833BB1681E84C107002DC4BF /* AboutRestaurantViewController.swift */ = {isa = PBXFileReference; fileEncoding = 4; lastKnownFileType = sourcecode.swift; name = AboutRestaurantViewController.swift; path = Controllers/AboutRestaurantViewController.swift; sourceTree = "<group>"; };
		8352A6C71E67DCA400E2BE13 /* ServerCommunicator.swift */ = {isa = PBXFileReference; fileEncoding = 4; lastKnownFileType = sourcecode.swift; name = ServerCommunicator.swift; path = Utilities/ServerCommunicator.swift; sourceTree = "<group>"; };
		8352A6CA1E6B5CD900E2BE13 /* Menu.swift */ = {isa = PBXFileReference; fileEncoding = 4; lastKnownFileType = sourcecode.swift; name = Menu.swift; path = Model/Menu/Menu.swift; sourceTree = "<group>"; };
		8352A6CD1E6B609D00E2BE13 /* MenuCategory.swift */ = {isa = PBXFileReference; fileEncoding = 4; lastKnownFileType = sourcecode.swift; name = MenuCategory.swift; path = Model/Menu/MenuCategory.swift; sourceTree = "<group>"; };
		838944B61E82394E0033F8DE /* RestaurantViewController.swift */ = {isa = PBXFileReference; fileEncoding = 4; lastKnownFileType = sourcecode.swift; name = RestaurantViewController.swift; path = Controllers/RestaurantViewController.swift; sourceTree = "<group>"; };
		838AEB0F1E74CC7C00D54A4E /* CategoriesCollectionViewController.swift */ = {isa = PBXFileReference; fileEncoding = 4; lastKnownFileType = sourcecode.swift; name = CategoriesCollectionViewController.swift; path = Controllers/Menu/CategoriesCollectionViewController.swift; sourceTree = "<group>"; };
		838AEB111E74D21500D54A4E /* CategoryCollectionViewCell.swift */ = {isa = PBXFileReference; fileEncoding = 4; lastKnownFileType = sourcecode.swift; name = CategoryCollectionViewCell.swift; path = Controllers/Menu/CategoryCollectionViewCell.swift; sourceTree = "<group>"; };
		83B2D0391E61551800266A4B /* MenuItemsCollectionViewController.swift */ = {isa = PBXFileReference; fileEncoding = 4; lastKnownFileType = sourcecode.swift; name = MenuItemsCollectionViewController.swift; path = Controllers/Menu/MenuItemsCollectionViewController.swift; sourceTree = "<group>"; };
		83B2D03B1E6155C600266A4B /* MenuItemCollectionViewCell.swift */ = {isa = PBXFileReference; fileEncoding = 4; lastKnownFileType = sourcecode.swift; name = MenuItemCollectionViewCell.swift; path = Controllers/Menu/MenuItemCollectionViewCell.swift; sourceTree = "<group>"; };
		83B2D03F1E61575B00266A4B /* MenuItem.swift */ = {isa = PBXFileReference; fileEncoding = 4; lastKnownFileType = sourcecode.swift; name = MenuItem.swift; path = Model/MenuItem.swift; sourceTree = "<group>"; };
		83B2D0411E6157AF00266A4B /* MenuItemViewController.swift */ = {isa = PBXFileReference; fileEncoding = 4; lastKnownFileType = sourcecode.swift; name = MenuItemViewController.swift; path = Controllers/Menu/MenuItemViewController.swift; sourceTree = "<group>"; };
		83B3A7C41E37A22000BFDFC6 /* Restaurant Solution.app */ = {isa = PBXFileReference; explicitFileType = wrapper.application; includeInIndex = 0; path = "Restaurant Solution.app"; sourceTree = BUILT_PRODUCTS_DIR; };
		83B3A7C71E37A22000BFDFC6 /* AppDelegate.swift */ = {isa = PBXFileReference; lastKnownFileType = sourcecode.swift; path = AppDelegate.swift; sourceTree = "<group>"; };
		83B3A7CC1E37A22000BFDFC6 /* Base */ = {isa = PBXFileReference; lastKnownFileType = file.storyboard; name = Base; path = Base.lproj/Main.storyboard; sourceTree = "<group>"; };
		83B3A7CE1E37A22000BFDFC6 /* Assets.xcassets */ = {isa = PBXFileReference; lastKnownFileType = folder.assetcatalog; path = Assets.xcassets; sourceTree = "<group>"; };
		83B3A7D11E37A22000BFDFC6 /* Base */ = {isa = PBXFileReference; lastKnownFileType = file.storyboard; name = Base; path = Base.lproj/LaunchScreen.storyboard; sourceTree = "<group>"; };
		83B3A7D31E37A22000BFDFC6 /* Info.plist */ = {isa = PBXFileReference; lastKnownFileType = text.plist.xml; path = Info.plist; sourceTree = "<group>"; };
		83B3A7D81E37A22000BFDFC6 /* Restaurant SolutionTests.xctest */ = {isa = PBXFileReference; explicitFileType = wrapper.cfbundle; includeInIndex = 0; path = "Restaurant SolutionTests.xctest"; sourceTree = BUILT_PRODUCTS_DIR; };
		83B3A7DC1E37A22000BFDFC6 /* Restaurant_SolutionTests.swift */ = {isa = PBXFileReference; lastKnownFileType = sourcecode.swift; path = Restaurant_SolutionTests.swift; sourceTree = "<group>"; };
		83B3A7DE1E37A22000BFDFC6 /* Info.plist */ = {isa = PBXFileReference; lastKnownFileType = text.plist.xml; path = Info.plist; sourceTree = "<group>"; };
		83B3A7E31E37A22000BFDFC6 /* Restaurant SolutionUITests.xctest */ = {isa = PBXFileReference; explicitFileType = wrapper.cfbundle; includeInIndex = 0; path = "Restaurant SolutionUITests.xctest"; sourceTree = BUILT_PRODUCTS_DIR; };
		83B3A7E71E37A22000BFDFC6 /* Restaurant_SolutionUITests.swift */ = {isa = PBXFileReference; lastKnownFileType = sourcecode.swift; path = Restaurant_SolutionUITests.swift; sourceTree = "<group>"; };
		83B3A7E91E37A22000BFDFC6 /* Info.plist */ = {isa = PBXFileReference; lastKnownFileType = text.plist.xml; path = Info.plist; sourceTree = "<group>"; };
		83D945141E3DC504007E81E9 /* RestaurantTableViewController.swift */ = {isa = PBXFileReference; fileEncoding = 4; lastKnownFileType = sourcecode.swift; name = RestaurantTableViewController.swift; path = Controllers/RestaurantTableViewController.swift; sourceTree = "<group>"; };
		83D945171E3DCAE0007E81E9 /* Restaurant.swift */ = {isa = PBXFileReference; fileEncoding = 4; lastKnownFileType = sourcecode.swift; name = Restaurant.swift; path = Model/Restaurant.swift; sourceTree = "<group>"; };
		8EFA6C6DBB5D935DFE7A8163 /* Pods-Restaurant SolutionTests.release.xcconfig */ = {isa = PBXFileReference; includeInIndex = 1; lastKnownFileType = text.xcconfig; name = "Pods-Restaurant SolutionTests.release.xcconfig"; path = "Pods/Target Support Files/Pods-Restaurant SolutionTests/Pods-Restaurant SolutionTests.release.xcconfig"; sourceTree = "<group>"; };
		9A2A432283E3C09E28186B19 /* Pods-Restaurant SolutionUITests.debug.xcconfig */ = {isa = PBXFileReference; includeInIndex = 1; lastKnownFileType = text.xcconfig; name = "Pods-Restaurant SolutionUITests.debug.xcconfig"; path = "Pods/Target Support Files/Pods-Restaurant SolutionUITests/Pods-Restaurant SolutionUITests.debug.xcconfig"; sourceTree = "<group>"; };
		BE33603D83F0CDFC020CB5FB /* Pods-Restaurant SolutionTests.debug.xcconfig */ = {isa = PBXFileReference; includeInIndex = 1; lastKnownFileType = text.xcconfig; name = "Pods-Restaurant SolutionTests.debug.xcconfig"; path = "Pods/Target Support Files/Pods-Restaurant SolutionTests/Pods-Restaurant SolutionTests.debug.xcconfig"; sourceTree = "<group>"; };
		D4E49FE02B74FD78684F25E6 /* Pods-Restaurant SolutionUITests.release.xcconfig */ = {isa = PBXFileReference; includeInIndex = 1; lastKnownFileType = text.xcconfig; name = "Pods-Restaurant SolutionUITests.release.xcconfig"; path = "Pods/Target Support Files/Pods-Restaurant SolutionUITests/Pods-Restaurant SolutionUITests.release.xcconfig"; sourceTree = "<group>"; };
/* End PBXFileReference section */

/* Begin PBXFrameworksBuildPhase section */
		83B3A7C11E37A21F00BFDFC6 /* Frameworks */ = {
			isa = PBXFrameworksBuildPhase;
			buildActionMask = 2147483647;
			files = (
			);
			runOnlyForDeploymentPostprocessing = 0;
		};
		83B3A7D51E37A22000BFDFC6 /* Frameworks */ = {
			isa = PBXFrameworksBuildPhase;
			buildActionMask = 2147483647;
			files = (
			);
			runOnlyForDeploymentPostprocessing = 0;
		};
		83B3A7E01E37A22000BFDFC6 /* Frameworks */ = {
			isa = PBXFrameworksBuildPhase;
			buildActionMask = 2147483647;
			files = (
			);
			runOnlyForDeploymentPostprocessing = 0;
		};
/* End PBXFrameworksBuildPhase section */

/* Begin PBXGroup section */
		2051B3852F0A0C3D43ECBA4F /* Pods */ = {
			isa = PBXGroup;
			children = (
				28447633B2952CE70B6A1AB6 /* Pods-Restaurant Solution.debug.xcconfig */,
				6AF914556DBEC83A7FD514BF /* Pods-Restaurant Solution.release.xcconfig */,
				BE33603D83F0CDFC020CB5FB /* Pods-Restaurant SolutionTests.debug.xcconfig */,
				8EFA6C6DBB5D935DFE7A8163 /* Pods-Restaurant SolutionTests.release.xcconfig */,
				9A2A432283E3C09E28186B19 /* Pods-Restaurant SolutionUITests.debug.xcconfig */,
				D4E49FE02B74FD78684F25E6 /* Pods-Restaurant SolutionUITests.release.xcconfig */,
			);
			name = Pods;
			sourceTree = "<group>";
		};
		2CA9299B1E57A0A900587691 /* Resources */ = {
			isa = PBXGroup;
			children = (
				2CA9299C1E57A0B100587691 /* Images */,
				2C6533DB1E57D03D0081D620 /* Restaurant Solution-Bridging-Header.h */,
			);
			name = Resources;
			sourceTree = "<group>";
		};
		2CA9299C1E57A0B100587691 /* Images */ = {
			isa = PBXGroup;
			children = (
				2CA9299D1E57A14500587691 /* profile.png */,
			);
			name = Images;
			sourceTree = "<group>";
		};
		8352A6C61E67DC5700E2BE13 /* Utilities */ = {
			isa = PBXGroup;
			children = (
				8352A6C71E67DCA400E2BE13 /* ServerCommunicator.swift */,
			);
			name = Utilities;
			sourceTree = "<group>";
		};
		8352A6C91E6B5CA200E2BE13 /* Menu */ = {
			isa = PBXGroup;
			children = (
				838AEB0F1E74CC7C00D54A4E /* CategoriesCollectionViewController.swift */,
				838AEB111E74D21500D54A4E /* CategoryCollectionViewCell.swift */,
				83B2D0391E61551800266A4B /* MenuItemsCollectionViewController.swift */,
				83B2D03B1E6155C600266A4B /* MenuItemCollectionViewCell.swift */,
				83B2D0411E6157AF00266A4B /* MenuItemViewController.swift */,
			);
			name = Menu;
			sourceTree = "<group>";
		};
		8352A6CC1E6B5CE000E2BE13 /* Menu */ = {
			isa = PBXGroup;
			children = (
				83B2D03F1E61575B00266A4B /* MenuItem.swift */,
				8352A6CA1E6B5CD900E2BE13 /* Menu.swift */,
				8352A6CD1E6B609D00E2BE13 /* MenuCategory.swift */,
			);
			name = Menu;
			sourceTree = "<group>";
		};
		83B3A7BB1E37A21F00BFDFC6 = {
			isa = PBXGroup;
			children = (
				83B3A7C61E37A22000BFDFC6 /* Restaurant Solution */,
				83B3A7DB1E37A22000BFDFC6 /* Restaurant SolutionTests */,
				83B3A7E61E37A22000BFDFC6 /* Restaurant SolutionUITests */,
				83B3A7C51E37A22000BFDFC6 /* Products */,
				2051B3852F0A0C3D43ECBA4F /* Pods */,
			);
			sourceTree = "<group>";
		};
		83B3A7C51E37A22000BFDFC6 /* Products */ = {
			isa = PBXGroup;
			children = (
				83B3A7C41E37A22000BFDFC6 /* Restaurant Solution.app */,
				83B3A7D81E37A22000BFDFC6 /* Restaurant SolutionTests.xctest */,
				83B3A7E31E37A22000BFDFC6 /* Restaurant SolutionUITests.xctest */,
			);
			name = Products;
			sourceTree = "<group>";
		};
		83B3A7C61E37A22000BFDFC6 /* Restaurant Solution */ = {
			isa = PBXGroup;
			children = (
				8352A6C61E67DC5700E2BE13 /* Utilities */,
				2CA9299B1E57A0A900587691 /* Resources */,
				83D945161E3DCA69007E81E9 /* Model */,
				83D945131E3DC023007E81E9 /* Controllers */,
				83B3A7CE1E37A22000BFDFC6 /* Assets.xcassets */,
				83B3A7C71E37A22000BFDFC6 /* AppDelegate.swift */,
				83B3A7CB1E37A22000BFDFC6 /* Main.storyboard */,
				83B3A7D01E37A22000BFDFC6 /* LaunchScreen.storyboard */,
				83B3A7D31E37A22000BFDFC6 /* Info.plist */,
			);
			path = "Restaurant Solution";
			sourceTree = "<group>";
		};
		83B3A7DB1E37A22000BFDFC6 /* Restaurant SolutionTests */ = {
			isa = PBXGroup;
			children = (
				83B3A7DC1E37A22000BFDFC6 /* Restaurant_SolutionTests.swift */,
				83B3A7DE1E37A22000BFDFC6 /* Info.plist */,
			);
			path = "Restaurant SolutionTests";
			sourceTree = "<group>";
		};
		83B3A7E61E37A22000BFDFC6 /* Restaurant SolutionUITests */ = {
			isa = PBXGroup;
			children = (
				83B3A7E71E37A22000BFDFC6 /* Restaurant_SolutionUITests.swift */,
				83B3A7E91E37A22000BFDFC6 /* Info.plist */,
			);
			path = "Restaurant SolutionUITests";
			sourceTree = "<group>";
		};
		83D945131E3DC023007E81E9 /* Controllers */ = {
			isa = PBXGroup;
			children = (
				8352A6C91E6B5CA200E2BE13 /* Menu */,
				83D945141E3DC504007E81E9 /* RestaurantTableViewController.swift */,
				838944B61E82394E0033F8DE /* RestaurantViewController.swift */,
				2CA929991E579AC000587691 /* ProfileViewController.swift */,
				833BB1681E84C107002DC4BF /* AboutRestaurantViewController.swift */,
			);
			name = Controllers;
			sourceTree = "<group>";
		};
		83D945161E3DCA69007E81E9 /* Model */ = {
			isa = PBXGroup;
			children = (
				83D945171E3DCAE0007E81E9 /* Restaurant.swift */,
				2CCDD0DD1E4E4A6200460C2E /* User.swift */,
				8352A6CC1E6B5CE000E2BE13 /* Menu */,
				832DA1421E726EF200220A47 /* Order.swift */,
			);
			name = Model;
			sourceTree = "<group>";
		};
/* End PBXGroup section */

/* Begin PBXNativeTarget section */
		83B3A7C31E37A21F00BFDFC6 /* Restaurant Solution */ = {
			isa = PBXNativeTarget;
			buildConfigurationList = 83B3A7EC1E37A22000BFDFC6 /* Build configuration list for PBXNativeTarget "Restaurant Solution" */;
			buildPhases = (
				4FC9DF782DA480816E8E795D /* [CP] Check Pods Manifest.lock */,
				83B3A7C01E37A21F00BFDFC6 /* Sources */,
				83B3A7C11E37A21F00BFDFC6 /* Frameworks */,
				83B3A7C21E37A21F00BFDFC6 /* Resources */,
				DCD4859BC994088C769AD023 /* [CP] Embed Pods Frameworks */,
				39974A387821EB5920AF13A5 /* [CP] Copy Pods Resources */,
			);
			buildRules = (
			);
			dependencies = (
			);
			name = "Restaurant Solution";
			productName = "Restaurant Solution";
			productReference = 83B3A7C41E37A22000BFDFC6 /* Restaurant Solution.app */;
			productType = "com.apple.product-type.application";
		};
		83B3A7D71E37A22000BFDFC6 /* Restaurant SolutionTests */ = {
			isa = PBXNativeTarget;
			buildConfigurationList = 83B3A7EF1E37A22000BFDFC6 /* Build configuration list for PBXNativeTarget "Restaurant SolutionTests" */;
			buildPhases = (
				75DBEDC7BBBD550F3D9084F9 /* [CP] Check Pods Manifest.lock */,
				83B3A7D41E37A22000BFDFC6 /* Sources */,
				83B3A7D51E37A22000BFDFC6 /* Frameworks */,
				83B3A7D61E37A22000BFDFC6 /* Resources */,
				D11336A2E0D52D666AF8BED1 /* [CP] Embed Pods Frameworks */,
				7D951D42BE57E6F30D536987 /* [CP] Copy Pods Resources */,
			);
			buildRules = (
			);
			dependencies = (
				83B3A7DA1E37A22000BFDFC6 /* PBXTargetDependency */,
			);
			name = "Restaurant SolutionTests";
			productName = "Restaurant SolutionTests";
			productReference = 83B3A7D81E37A22000BFDFC6 /* Restaurant SolutionTests.xctest */;
			productType = "com.apple.product-type.bundle.unit-test";
		};
		83B3A7E21E37A22000BFDFC6 /* Restaurant SolutionUITests */ = {
			isa = PBXNativeTarget;
			buildConfigurationList = 83B3A7F21E37A22000BFDFC6 /* Build configuration list for PBXNativeTarget "Restaurant SolutionUITests" */;
			buildPhases = (
				1D3282229665C85A7E80CD1C /* [CP] Check Pods Manifest.lock */,
				83B3A7DF1E37A22000BFDFC6 /* Sources */,
				83B3A7E01E37A22000BFDFC6 /* Frameworks */,
				83B3A7E11E37A22000BFDFC6 /* Resources */,
				A78E7339F5FC26C873BFA974 /* [CP] Embed Pods Frameworks */,
				CFE8004753D9DE9C8A6186CC /* [CP] Copy Pods Resources */,
			);
			buildRules = (
			);
			dependencies = (
				83B3A7E51E37A22000BFDFC6 /* PBXTargetDependency */,
			);
			name = "Restaurant SolutionUITests";
			productName = "Restaurant SolutionUITests";
			productReference = 83B3A7E31E37A22000BFDFC6 /* Restaurant SolutionUITests.xctest */;
			productType = "com.apple.product-type.bundle.ui-testing";
		};
/* End PBXNativeTarget section */

/* Begin PBXProject section */
		83B3A7BC1E37A21F00BFDFC6 /* Project object */ = {
			isa = PBXProject;
			attributes = {
				LastSwiftUpdateCheck = 0820;
				LastUpgradeCheck = 0820;
				ORGANIZATIONNAME = "Danny Harding";
				TargetAttributes = {
					83B3A7C31E37A21F00BFDFC6 = {
						CreatedOnToolsVersion = 8.2.1;
						DevelopmentTeam = 5MMMFDLLHW;
						LastSwiftMigration = 0820;
						ProvisioningStyle = Automatic;
					};
					83B3A7D71E37A22000BFDFC6 = {
						CreatedOnToolsVersion = 8.2.1;
						DevelopmentTeam = 5MMMFDLLHW;
						ProvisioningStyle = Automatic;
						TestTargetID = 83B3A7C31E37A21F00BFDFC6;
					};
					83B3A7E21E37A22000BFDFC6 = {
						CreatedOnToolsVersion = 8.2.1;
						DevelopmentTeam = 5MMMFDLLHW;
						ProvisioningStyle = Automatic;
						TestTargetID = 83B3A7C31E37A21F00BFDFC6;
					};
				};
			};
			buildConfigurationList = 83B3A7BF1E37A21F00BFDFC6 /* Build configuration list for PBXProject "Restaurant Solution" */;
			compatibilityVersion = "Xcode 3.2";
			developmentRegion = English;
			hasScannedForEncodings = 0;
			knownRegions = (
				en,
				Base,
			);
			mainGroup = 83B3A7BB1E37A21F00BFDFC6;
			productRefGroup = 83B3A7C51E37A22000BFDFC6 /* Products */;
			projectDirPath = "";
			projectRoot = "";
			targets = (
				83B3A7C31E37A21F00BFDFC6 /* Restaurant Solution */,
				83B3A7D71E37A22000BFDFC6 /* Restaurant SolutionTests */,
				83B3A7E21E37A22000BFDFC6 /* Restaurant SolutionUITests */,
			);
		};
/* End PBXProject section */

/* Begin PBXResourcesBuildPhase section */
		83B3A7C21E37A21F00BFDFC6 /* Resources */ = {
			isa = PBXResourcesBuildPhase;
			buildActionMask = 2147483647;
			files = (
				83B3A7D21E37A22000BFDFC6 /* LaunchScreen.storyboard in Resources */,
				2CA9299E1E57A14500587691 /* profile.png in Resources */,
				83B3A7CF1E37A22000BFDFC6 /* Assets.xcassets in Resources */,
				83B3A7CD1E37A22000BFDFC6 /* Main.storyboard in Resources */,
			);
			runOnlyForDeploymentPostprocessing = 0;
		};
		83B3A7D61E37A22000BFDFC6 /* Resources */ = {
			isa = PBXResourcesBuildPhase;
			buildActionMask = 2147483647;
			files = (
			);
			runOnlyForDeploymentPostprocessing = 0;
		};
		83B3A7E11E37A22000BFDFC6 /* Resources */ = {
			isa = PBXResourcesBuildPhase;
			buildActionMask = 2147483647;
			files = (
			);
			runOnlyForDeploymentPostprocessing = 0;
		};
/* End PBXResourcesBuildPhase section */

/* Begin PBXShellScriptBuildPhase section */
		1D3282229665C85A7E80CD1C /* [CP] Check Pods Manifest.lock */ = {
			isa = PBXShellScriptBuildPhase;
			buildActionMask = 2147483647;
			files = (
			);
			inputPaths = (
			);
			name = "[CP] Check Pods Manifest.lock";
			outputPaths = (
			);
			runOnlyForDeploymentPostprocessing = 0;
			shellPath = /bin/sh;
			shellScript = "diff \"${PODS_ROOT}/../Podfile.lock\" \"${PODS_ROOT}/Manifest.lock\" > /dev/null\nif [ $? != 0 ] ; then\n    # print error to STDERR\n    echo \"error: The sandbox is not in sync with the Podfile.lock. Run 'pod install' or update your CocoaPods installation.\" >&2\n    exit 1\nfi\n";
			showEnvVarsInLog = 0;
		};
		39974A387821EB5920AF13A5 /* [CP] Copy Pods Resources */ = {
			isa = PBXShellScriptBuildPhase;
			buildActionMask = 2147483647;
			files = (
			);
			inputPaths = (
			);
			name = "[CP] Copy Pods Resources";
			outputPaths = (
			);
			runOnlyForDeploymentPostprocessing = 0;
			shellPath = /bin/sh;
			shellScript = "\"${SRCROOT}/Pods/Target Support Files/Pods-Restaurant Solution/Pods-Restaurant Solution-resources.sh\"\n";
			showEnvVarsInLog = 0;
		};
		4FC9DF782DA480816E8E795D /* [CP] Check Pods Manifest.lock */ = {
			isa = PBXShellScriptBuildPhase;
			buildActionMask = 2147483647;
			files = (
			);
			inputPaths = (
			);
			name = "[CP] Check Pods Manifest.lock";
			outputPaths = (
			);
			runOnlyForDeploymentPostprocessing = 0;
			shellPath = /bin/sh;
			shellScript = "diff \"${PODS_ROOT}/../Podfile.lock\" \"${PODS_ROOT}/Manifest.lock\" > /dev/null\nif [ $? != 0 ] ; then\n    # print error to STDERR\n    echo \"error: The sandbox is not in sync with the Podfile.lock. Run 'pod install' or update your CocoaPods installation.\" >&2\n    exit 1\nfi\n";
			showEnvVarsInLog = 0;
		};
		75DBEDC7BBBD550F3D9084F9 /* [CP] Check Pods Manifest.lock */ = {
			isa = PBXShellScriptBuildPhase;
			buildActionMask = 2147483647;
			files = (
			);
			inputPaths = (
			);
			name = "[CP] Check Pods Manifest.lock";
			outputPaths = (
			);
			runOnlyForDeploymentPostprocessing = 0;
			shellPath = /bin/sh;
			shellScript = "diff \"${PODS_ROOT}/../Podfile.lock\" \"${PODS_ROOT}/Manifest.lock\" > /dev/null\nif [ $? != 0 ] ; then\n    # print error to STDERR\n    echo \"error: The sandbox is not in sync with the Podfile.lock. Run 'pod install' or update your CocoaPods installation.\" >&2\n    exit 1\nfi\n";
			showEnvVarsInLog = 0;
		};
		7D951D42BE57E6F30D536987 /* [CP] Copy Pods Resources */ = {
			isa = PBXShellScriptBuildPhase;
			buildActionMask = 2147483647;
			files = (
			);
			inputPaths = (
			);
			name = "[CP] Copy Pods Resources";
			outputPaths = (
			);
			runOnlyForDeploymentPostprocessing = 0;
			shellPath = /bin/sh;
			shellScript = "\"${SRCROOT}/Pods/Target Support Files/Pods-Restaurant SolutionTests/Pods-Restaurant SolutionTests-resources.sh\"\n";
			showEnvVarsInLog = 0;
		};
		A78E7339F5FC26C873BFA974 /* [CP] Embed Pods Frameworks */ = {
			isa = PBXShellScriptBuildPhase;
			buildActionMask = 2147483647;
			files = (
			);
			inputPaths = (
			);
			name = "[CP] Embed Pods Frameworks";
			outputPaths = (
			);
			runOnlyForDeploymentPostprocessing = 0;
			shellPath = /bin/sh;
			shellScript = "\"${SRCROOT}/Pods/Target Support Files/Pods-Restaurant SolutionUITests/Pods-Restaurant SolutionUITests-frameworks.sh\"\n";
			showEnvVarsInLog = 0;
		};
		CFE8004753D9DE9C8A6186CC /* [CP] Copy Pods Resources */ = {
			isa = PBXShellScriptBuildPhase;
			buildActionMask = 2147483647;
			files = (
			);
			inputPaths = (
			);
			name = "[CP] Copy Pods Resources";
			outputPaths = (
			);
			runOnlyForDeploymentPostprocessing = 0;
			shellPath = /bin/sh;
			shellScript = "\"${SRCROOT}/Pods/Target Support Files/Pods-Restaurant SolutionUITests/Pods-Restaurant SolutionUITests-resources.sh\"\n";
			showEnvVarsInLog = 0;
		};
		D11336A2E0D52D666AF8BED1 /* [CP] Embed Pods Frameworks */ = {
			isa = PBXShellScriptBuildPhase;
			buildActionMask = 2147483647;
			files = (
			);
			inputPaths = (
			);
			name = "[CP] Embed Pods Frameworks";
			outputPaths = (
			);
			runOnlyForDeploymentPostprocessing = 0;
			shellPath = /bin/sh;
			shellScript = "\"${SRCROOT}/Pods/Target Support Files/Pods-Restaurant SolutionTests/Pods-Restaurant SolutionTests-frameworks.sh\"\n";
			showEnvVarsInLog = 0;
		};
		DCD4859BC994088C769AD023 /* [CP] Embed Pods Frameworks */ = {
			isa = PBXShellScriptBuildPhase;
			buildActionMask = 2147483647;
			files = (
			);
			inputPaths = (
			);
			name = "[CP] Embed Pods Frameworks";
			outputPaths = (
			);
			runOnlyForDeploymentPostprocessing = 0;
			shellPath = /bin/sh;
			shellScript = "\"${SRCROOT}/Pods/Target Support Files/Pods-Restaurant Solution/Pods-Restaurant Solution-frameworks.sh\"\n";
			showEnvVarsInLog = 0;
		};
/* End PBXShellScriptBuildPhase section */

/* Begin PBXSourcesBuildPhase section */
		83B3A7C01E37A21F00BFDFC6 /* Sources */ = {
			isa = PBXSourcesBuildPhase;
			buildActionMask = 2147483647;
			files = (
				2CA9299A1E579AC000587691 /* ProfileViewController.swift in Sources */,
				838944B71E82394E0033F8DE /* RestaurantViewController.swift in Sources */,
				838AEB121E74D21500D54A4E /* CategoryCollectionViewCell.swift in Sources */,
				83D945181E3DCAE0007E81E9 /* Restaurant.swift in Sources */,
				2CCDD0DE1E4E4A6200460C2E /* User.swift in Sources */,
				83B2D03C1E6155C600266A4B /* MenuItemCollectionViewCell.swift in Sources */,
				838AEB101E74CC7C00D54A4E /* CategoriesCollectionViewController.swift in Sources */,
				8352A6CE1E6B609D00E2BE13 /* MenuCategory.swift in Sources */,
				83B3A7C81E37A22000BFDFC6 /* AppDelegate.swift in Sources */,
				8352A6CB1E6B5CD900E2BE13 /* Menu.swift in Sources */,
				83B2D0421E6157AF00266A4B /* MenuItemViewController.swift in Sources */,
				83B2D0401E61575B00266A4B /* MenuItem.swift in Sources */,
				83B2D03A1E61551800266A4B /* MenuItemsCollectionViewController.swift in Sources */,
				832DA1431E726EF200220A47 /* Order.swift in Sources */,
				8352A6C81E67DCA400E2BE13 /* ServerCommunicator.swift in Sources */,
				833BB1691E84C107002DC4BF /* AboutRestaurantViewController.swift in Sources */,
				83D945151E3DC504007E81E9 /* RestaurantTableViewController.swift in Sources */,
			);
			runOnlyForDeploymentPostprocessing = 0;
		};
		83B3A7D41E37A22000BFDFC6 /* Sources */ = {
			isa = PBXSourcesBuildPhase;
			buildActionMask = 2147483647;
			files = (
				83B3A7DD1E37A22000BFDFC6 /* Restaurant_SolutionTests.swift in Sources */,
			);
			runOnlyForDeploymentPostprocessing = 0;
		};
		83B3A7DF1E37A22000BFDFC6 /* Sources */ = {
			isa = PBXSourcesBuildPhase;
			buildActionMask = 2147483647;
			files = (
				83B3A7E81E37A22000BFDFC6 /* Restaurant_SolutionUITests.swift in Sources */,
			);
			runOnlyForDeploymentPostprocessing = 0;
		};
/* End PBXSourcesBuildPhase section */

/* Begin PBXTargetDependency section */
		83B3A7DA1E37A22000BFDFC6 /* PBXTargetDependency */ = {
			isa = PBXTargetDependency;
			target = 83B3A7C31E37A21F00BFDFC6 /* Restaurant Solution */;
			targetProxy = 83B3A7D91E37A22000BFDFC6 /* PBXContainerItemProxy */;
		};
		83B3A7E51E37A22000BFDFC6 /* PBXTargetDependency */ = {
			isa = PBXTargetDependency;
			target = 83B3A7C31E37A21F00BFDFC6 /* Restaurant Solution */;
			targetProxy = 83B3A7E41E37A22000BFDFC6 /* PBXContainerItemProxy */;
		};
/* End PBXTargetDependency section */

/* Begin PBXVariantGroup section */
		83B3A7CB1E37A22000BFDFC6 /* Main.storyboard */ = {
			isa = PBXVariantGroup;
			children = (
				83B3A7CC1E37A22000BFDFC6 /* Base */,
			);
			name = Main.storyboard;
			sourceTree = "<group>";
		};
		83B3A7D01E37A22000BFDFC6 /* LaunchScreen.storyboard */ = {
			isa = PBXVariantGroup;
			children = (
				83B3A7D11E37A22000BFDFC6 /* Base */,
			);
			name = LaunchScreen.storyboard;
			sourceTree = "<group>";
		};
/* End PBXVariantGroup section */

/* Begin XCBuildConfiguration section */
		83B3A7EA1E37A22000BFDFC6 /* Debug */ = {
			isa = XCBuildConfiguration;
			buildSettings = {
				ALWAYS_SEARCH_USER_PATHS = NO;
				CLANG_ANALYZER_NONNULL = YES;
				CLANG_CXX_LANGUAGE_STANDARD = "gnu++0x";
				CLANG_CXX_LIBRARY = "libc++";
				CLANG_ENABLE_MODULES = YES;
				CLANG_ENABLE_OBJC_ARC = YES;
				CLANG_WARN_BOOL_CONVERSION = YES;
				CLANG_WARN_CONSTANT_CONVERSION = YES;
				CLANG_WARN_DIRECT_OBJC_ISA_USAGE = YES_ERROR;
				CLANG_WARN_DOCUMENTATION_COMMENTS = YES;
				CLANG_WARN_EMPTY_BODY = YES;
				CLANG_WARN_ENUM_CONVERSION = YES;
				CLANG_WARN_INFINITE_RECURSION = YES;
				CLANG_WARN_INT_CONVERSION = YES;
				CLANG_WARN_OBJC_ROOT_CLASS = YES_ERROR;
				CLANG_WARN_SUSPICIOUS_MOVE = YES;
				CLANG_WARN_UNREACHABLE_CODE = YES;
				CLANG_WARN__DUPLICATE_METHOD_MATCH = YES;
				"CODE_SIGN_IDENTITY[sdk=iphoneos*]" = "iPhone Developer";
				COPY_PHASE_STRIP = NO;
				DEBUG_INFORMATION_FORMAT = dwarf;
				ENABLE_STRICT_OBJC_MSGSEND = YES;
				ENABLE_TESTABILITY = YES;
				GCC_C_LANGUAGE_STANDARD = gnu99;
				GCC_DYNAMIC_NO_PIC = NO;
				GCC_NO_COMMON_BLOCKS = YES;
				GCC_OPTIMIZATION_LEVEL = 0;
				GCC_PREPROCESSOR_DEFINITIONS = (
					"DEBUG=1",
					"$(inherited)",
				);
				GCC_WARN_64_TO_32_BIT_CONVERSION = YES;
				GCC_WARN_ABOUT_RETURN_TYPE = YES_ERROR;
				GCC_WARN_UNDECLARED_SELECTOR = YES;
				GCC_WARN_UNINITIALIZED_AUTOS = YES_AGGRESSIVE;
				GCC_WARN_UNUSED_FUNCTION = YES;
				GCC_WARN_UNUSED_VARIABLE = YES;
				IPHONEOS_DEPLOYMENT_TARGET = 10.2;
				MTL_ENABLE_DEBUG_INFO = YES;
				ONLY_ACTIVE_ARCH = YES;
				SDKROOT = iphoneos;
				SWIFT_ACTIVE_COMPILATION_CONDITIONS = DEBUG;
				SWIFT_OPTIMIZATION_LEVEL = "-Onone";
				TARGETED_DEVICE_FAMILY = "1,2";
			};
			name = Debug;
		};
		83B3A7EB1E37A22000BFDFC6 /* Release */ = {
			isa = XCBuildConfiguration;
			buildSettings = {
				ALWAYS_SEARCH_USER_PATHS = NO;
				CLANG_ANALYZER_NONNULL = YES;
				CLANG_CXX_LANGUAGE_STANDARD = "gnu++0x";
				CLANG_CXX_LIBRARY = "libc++";
				CLANG_ENABLE_MODULES = YES;
				CLANG_ENABLE_OBJC_ARC = YES;
				CLANG_WARN_BOOL_CONVERSION = YES;
				CLANG_WARN_CONSTANT_CONVERSION = YES;
				CLANG_WARN_DIRECT_OBJC_ISA_USAGE = YES_ERROR;
				CLANG_WARN_DOCUMENTATION_COMMENTS = YES;
				CLANG_WARN_EMPTY_BODY = YES;
				CLANG_WARN_ENUM_CONVERSION = YES;
				CLANG_WARN_INFINITE_RECURSION = YES;
				CLANG_WARN_INT_CONVERSION = YES;
				CLANG_WARN_OBJC_ROOT_CLASS = YES_ERROR;
				CLANG_WARN_SUSPICIOUS_MOVE = YES;
				CLANG_WARN_UNREACHABLE_CODE = YES;
				CLANG_WARN__DUPLICATE_METHOD_MATCH = YES;
				"CODE_SIGN_IDENTITY[sdk=iphoneos*]" = "iPhone Developer";
				COPY_PHASE_STRIP = NO;
				DEBUG_INFORMATION_FORMAT = "dwarf-with-dsym";
				ENABLE_NS_ASSERTIONS = NO;
				ENABLE_STRICT_OBJC_MSGSEND = YES;
				GCC_C_LANGUAGE_STANDARD = gnu99;
				GCC_NO_COMMON_BLOCKS = YES;
				GCC_WARN_64_TO_32_BIT_CONVERSION = YES;
				GCC_WARN_ABOUT_RETURN_TYPE = YES_ERROR;
				GCC_WARN_UNDECLARED_SELECTOR = YES;
				GCC_WARN_UNINITIALIZED_AUTOS = YES_AGGRESSIVE;
				GCC_WARN_UNUSED_FUNCTION = YES;
				GCC_WARN_UNUSED_VARIABLE = YES;
				IPHONEOS_DEPLOYMENT_TARGET = 10.2;
				MTL_ENABLE_DEBUG_INFO = NO;
				SDKROOT = iphoneos;
				SWIFT_OPTIMIZATION_LEVEL = "-Owholemodule";
				TARGETED_DEVICE_FAMILY = "1,2";
				VALIDATE_PRODUCT = YES;
			};
			name = Release;
		};
		83B3A7ED1E37A22000BFDFC6 /* Debug */ = {
			isa = XCBuildConfiguration;
			baseConfigurationReference = 28447633B2952CE70B6A1AB6 /* Pods-Restaurant Solution.debug.xcconfig */;
			buildSettings = {
				ASSETCATALOG_COMPILER_APPICON_NAME = AppIcon;
				CLANG_ENABLE_MODULES = YES;
				DEVELOPMENT_TEAM = 5MMMFDLLHW;
				FRAMEWORK_SEARCH_PATHS = (
					"$(inherited)",
					"$(PROJECT_DIR)/Carthage/Build/iOS",
				);
				INFOPLIST_FILE = "Restaurant Solution/Info.plist";
				LD_RUNPATH_SEARCH_PATHS = "$(inherited) @executable_path/Frameworks";
				PRODUCT_BUNDLE_IDENTIFIER = cs428.BYU.inHouse;
				PRODUCT_NAME = "$(TARGET_NAME)";
				SWIFT_OBJC_BRIDGING_HEADER = "Restaurant Solution/Restaurant Solution-Bridging-Header.h";
				SWIFT_OPTIMIZATION_LEVEL = "-Onone";
				SWIFT_VERSION = 3.0;
			};
			name = Debug;
		};
		83B3A7EE1E37A22000BFDFC6 /* Release */ = {
			isa = XCBuildConfiguration;
			baseConfigurationReference = 6AF914556DBEC83A7FD514BF /* Pods-Restaurant Solution.release.xcconfig */;
			buildSettings = {
				ASSETCATALOG_COMPILER_APPICON_NAME = AppIcon;
				CLANG_ENABLE_MODULES = YES;
				DEVELOPMENT_TEAM = 5MMMFDLLHW;
				FRAMEWORK_SEARCH_PATHS = (
					"$(inherited)",
					"$(PROJECT_DIR)/Carthage/Build/iOS",
				);
				INFOPLIST_FILE = "Restaurant Solution/Info.plist";
				LD_RUNPATH_SEARCH_PATHS = "$(inherited) @executable_path/Frameworks";
				PRODUCT_BUNDLE_IDENTIFIER = cs428.BYU.inHouse;
				PRODUCT_NAME = "$(TARGET_NAME)";
				SWIFT_OBJC_BRIDGING_HEADER = "Restaurant Solution/Restaurant Solution-Bridging-Header.h";
				SWIFT_VERSION = 3.0;
			};
			name = Release;
		};
		83B3A7F01E37A22000BFDFC6 /* Debug */ = {
			isa = XCBuildConfiguration;
			baseConfigurationReference = BE33603D83F0CDFC020CB5FB /* Pods-Restaurant SolutionTests.debug.xcconfig */;
			buildSettings = {
				ALWAYS_EMBED_SWIFT_STANDARD_LIBRARIES = YES;
				BUNDLE_LOADER = "$(TEST_HOST)";
				DEVELOPMENT_TEAM = 5MMMFDLLHW;
				INFOPLIST_FILE = "Restaurant SolutionTests/Info.plist";
				LD_RUNPATH_SEARCH_PATHS = "$(inherited) @executable_path/Frameworks @loader_path/Frameworks";
				PRODUCT_BUNDLE_IDENTIFIER = "cs428.BYU.restaurant.Restaurant-SolutionTests";
				PRODUCT_NAME = "$(TARGET_NAME)";
				SWIFT_VERSION = 3.0;
				TEST_HOST = "$(BUILT_PRODUCTS_DIR)/Restaurant Solution.app/Restaurant Solution";
			};
			name = Debug;
		};
		83B3A7F11E37A22000BFDFC6 /* Release */ = {
			isa = XCBuildConfiguration;
			baseConfigurationReference = 8EFA6C6DBB5D935DFE7A8163 /* Pods-Restaurant SolutionTests.release.xcconfig */;
			buildSettings = {
				ALWAYS_EMBED_SWIFT_STANDARD_LIBRARIES = YES;
				BUNDLE_LOADER = "$(TEST_HOST)";
				DEVELOPMENT_TEAM = 5MMMFDLLHW;
				INFOPLIST_FILE = "Restaurant SolutionTests/Info.plist";
				LD_RUNPATH_SEARCH_PATHS = "$(inherited) @executable_path/Frameworks @loader_path/Frameworks";
				PRODUCT_BUNDLE_IDENTIFIER = "cs428.BYU.restaurant.Restaurant-SolutionTests";
				PRODUCT_NAME = "$(TARGET_NAME)";
				SWIFT_VERSION = 3.0;
				TEST_HOST = "$(BUILT_PRODUCTS_DIR)/Restaurant Solution.app/Restaurant Solution";
			};
			name = Release;
		};
		83B3A7F31E37A22000BFDFC6 /* Debug */ = {
			isa = XCBuildConfiguration;
			baseConfigurationReference = 9A2A432283E3C09E28186B19 /* Pods-Restaurant SolutionUITests.debug.xcconfig */;
			buildSettings = {
				ALWAYS_EMBED_SWIFT_STANDARD_LIBRARIES = YES;
				DEVELOPMENT_TEAM = 5MMMFDLLHW;
				INFOPLIST_FILE = "Restaurant SolutionUITests/Info.plist";
				LD_RUNPATH_SEARCH_PATHS = "$(inherited) @executable_path/Frameworks @loader_path/Frameworks";
				PRODUCT_BUNDLE_IDENTIFIER = "cs428.BYU.restaurant.Restaurant-SolutionUITests";
				PRODUCT_NAME = "$(TARGET_NAME)";
				SWIFT_VERSION = 3.0;
				TEST_TARGET_NAME = "Restaurant Solution";
			};
			name = Debug;
		};
		83B3A7F41E37A22000BFDFC6 /* Release */ = {
			isa = XCBuildConfiguration;
			baseConfigurationReference = D4E49FE02B74FD78684F25E6 /* Pods-Restaurant SolutionUITests.release.xcconfig */;
			buildSettings = {
				ALWAYS_EMBED_SWIFT_STANDARD_LIBRARIES = YES;
				DEVELOPMENT_TEAM = 5MMMFDLLHW;
				INFOPLIST_FILE = "Restaurant SolutionUITests/Info.plist";
				LD_RUNPATH_SEARCH_PATHS = "$(inherited) @executable_path/Frameworks @loader_path/Frameworks";
				PRODUCT_BUNDLE_IDENTIFIER = "cs428.BYU.restaurant.Restaurant-SolutionUITests";
				PRODUCT_NAME = "$(TARGET_NAME)";
				SWIFT_VERSION = 3.0;
				TEST_TARGET_NAME = "Restaurant Solution";
			};
			name = Release;
		};
/* End XCBuildConfiguration section */

/* Begin XCConfigurationList section */
		83B3A7BF1E37A21F00BFDFC6 /* Build configuration list for PBXProject "Restaurant Solution" */ = {
			isa = XCConfigurationList;
			buildConfigurations = (
				83B3A7EA1E37A22000BFDFC6 /* Debug */,
				83B3A7EB1E37A22000BFDFC6 /* Release */,
			);
			defaultConfigurationIsVisible = 0;
			defaultConfigurationName = Release;
		};
		83B3A7EC1E37A22000BFDFC6 /* Build configuration list for PBXNativeTarget "Restaurant Solution" */ = {
			isa = XCConfigurationList;
			buildConfigurations = (
				83B3A7ED1E37A22000BFDFC6 /* Debug */,
				83B3A7EE1E37A22000BFDFC6 /* Release */,
			);
			defaultConfigurationIsVisible = 0;
			defaultConfigurationName = Release;
		};
		83B3A7EF1E37A22000BFDFC6 /* Build configuration list for PBXNativeTarget "Restaurant SolutionTests" */ = {
			isa = XCConfigurationList;
			buildConfigurations = (
				83B3A7F01E37A22000BFDFC6 /* Debug */,
				83B3A7F11E37A22000BFDFC6 /* Release */,
			);
			defaultConfigurationIsVisible = 0;
			defaultConfigurationName = Release;
		};
		83B3A7F21E37A22000BFDFC6 /* Build configuration list for PBXNativeTarget "Restaurant SolutionUITests" */ = {
			isa = XCConfigurationList;
			buildConfigurations = (
				83B3A7F31E37A22000BFDFC6 /* Debug */,
				83B3A7F41E37A22000BFDFC6 /* Release */,
			);
			defaultConfigurationIsVisible = 0;
			defaultConfigurationName = Release;
		};
/* End XCConfigurationList section */
	};
	rootObject = 83B3A7BC1E37A21F00BFDFC6 /* Project object */;
}
