PODS:
  - Cartography (1.0.1)
  - IQKeyboardManagerSwift (4.0.8)
  - Malert (0.2.1):
    - Cartography (~> 1.0)
    - OAStackView (~> 1.0)
  - OAStackView (1.0.1)
  - PhoneNumberKit (1.2.2):
    - PhoneNumberKit/PhoneNumberKitCore (= 1.2.2)
    - PhoneNumberKit/UIKit (= 1.2.2)
  - PhoneNumberKit/PhoneNumberKitCore (1.2.2)
  - PhoneNumberKit/UIKit (1.2.2):
    - PhoneNumberKit/PhoneNumberKitCore

DEPENDENCIES:
  - IQKeyboardManagerSwift
  - Malert
  - PhoneNumberKit (~> 1.2)

SPEC CHECKSUMS:
  Cartography: c1460e99395b824d9d75360b0382faeb0b33dcd7
  IQKeyboardManagerSwift: c04bc9f68473823f825eb44d958fce98d921bead
  Malert: 921c4b4c5c0f6a39c1e2dce14344fb8e33547e05
  OAStackView: 95e7cb79cbea25c2342f496a44bdbe8bd4c8d510
  PhoneNumberKit: ffae8f18fb78c1425c7af973711b0b0fd4f4104f

PODFILE CHECKSUM: 5b7822d7818dd2ea145bcae6783f800902a4bf28

COCOAPODS: 1.2.0
